
Microsoft Visual Studio Solution File, Format Version 12.00
# Visual Studio Version 17
VisualStudioVersion = 17.5.33502.453
MinimumVisualStudioVersion = 10.0.40219.1
Project("{FAE04EC0-301F-11D3-BF4B-00C04F79EFBC}") = "console-iniparser-example", "console-iniparser-example.csproj", "{793855A4-F23B-4066-B811-631D7FD0D610}"
EndProject
Global
	GlobalSection(SolutionConfigurationPlatforms) = preSolution
		Debug|Any CPU = Debug|Any CPU
		Release|Any CPU = Release|Any CPU
	EndGlobalSection
	GlobalSection(ProjectConfigurationPlatforms) = postSolution
		{793855A4-F23B-4066-B811-631D7FD0D610}.Debug|Any CPU.ActiveCfg = Debug|Any CPU
		{793855A4-F23B-4066-B811-631D7FD0D610}.Debug|Any CPU.Build.0 = Debug|Any CPU
		{793855A4-F23B-4066-B811-631D7FD0D610}.Release|Any CPU.ActiveCfg = Release|Any CPU
		{793855A4-F23B-4066-B811-631D7FD0D610}.Release|Any CPU.Build.0 = Release|Any CPU
	EndGlobalSection
	GlobalSection(SolutionProperties) = preSolution
		HideSolutionNode = FALSE
	EndGlobalSection
	GlobalSection(ExtensibilityGlobals) = postSolution
		SolutionGuid = {E6B11D9F-5D1E-4229-8DB4-8A3DB447BA37}
	EndGlobalSection
EndGlobal
